
Microsoft Visual Studio Solution File, Format Version 12.00
# Visual Studio 15
VisualStudioVersion = 15.0.27703.2042
MinimumVisualStudioVersion = 10.0.40219.1
Project("{9A19103F-16F7-4668-BE54-9A1E7A4F7556}") = "IdentityS4", "IdentityS4\IdentityS4.csproj", "{9F4805BD-5730-40FA-8809-9C50E8825587}"
EndProject
Project("{FAE04EC0-301F-11D3-BF4B-00C04F79EFBC}") = "MvcClient", "F:\我的工作\QuickstartIdentityServer\MvcClient\MvcClient.csproj", "{EBBCDEA7-3088-460F-AFB6-4400511249F3}"
EndProject
Global
	GlobalSection(SolutionConfigurationPlatforms) = preSolution
		Debug|Any CPU = Debug|Any CPU
		Release|Any CPU = Release|Any CPU
	EndGlobalSection
	GlobalSection(ProjectConfigurationPlatforms) = postSolution
		{9F4805BD-5730-40FA-8809-9C50E8825587}.Debug|Any CPU.ActiveCfg = Debug|Any CPU
		{9F4805BD-5730-40FA-8809-9C50E8825587}.Debug|Any CPU.Build.0 = Debug|Any CPU
		{9F4805BD-5730-40FA-8809-9C50E8825587}.Release|Any CPU.ActiveCfg = Release|Any CPU
		{9F4805BD-5730-40FA-8809-9C50E8825587}.Release|Any CPU.Build.0 = Release|Any CPU
		{EBBCDEA7-3088-460F-AFB6-4400511249F3}.Debug|Any CPU.ActiveCfg = Debug|Any CPU
		{EBBCDEA7-3088-460F-AFB6-4400511249F3}.Debug|Any CPU.Build.0 = Debug|Any CPU
		{EBBCDEA7-3088-460F-AFB6-4400511249F3}.Release|Any CPU.ActiveCfg = Release|Any CPU
		{EBBCDEA7-3088-460F-AFB6-4400511249F3}.Release|Any CPU.Build.0 = Release|Any CPU
	EndGlobalSection
	GlobalSection(SolutionProperties) = preSolution
		HideSolutionNode = FALSE
	EndGlobalSection
	GlobalSection(ExtensibilityGlobals) = postSolution
		SolutionGuid = {07AC672B-860B-47D5-8E0C-1EAEE3A806CA}
	EndGlobalSection
EndGlobal
